
Microsoft Visual Studio Solution File, Format Version 11.00
# Visual Studio 2010
Project("{FAE04EC0-301F-11D3-BF4B-00C04F79EFBC}") = "GiornataCamp", "GiornataCamp.csproj", "{918ECDB4-1662-49CA-B6F6-751AAD923AED}"
EndProject
Global
	GlobalSection(SolutionConfigurationPlatforms) = preSolution
		Debug|x86 = Debug|x86
		Release|x86 = Release|x86
	EndGlobalSection
	GlobalSection(ProjectConfigurationPlatforms) = postSolution
		{918ECDB4-1662-49CA-B6F6-751AAD923AED}.Debug|x86.ActiveCfg = Debug|x86
		{918ECDB4-1662-49CA-B6F6-751AAD923AED}.Debug|x86.Build.0 = Debug|x86
		{918ECDB4-1662-49CA-B6F6-751AAD923AED}.Release|x86.ActiveCfg = Release|x86
		{918ECDB4-1662-49CA-B6F6-751AAD923AED}.Release|x86.Build.0 = Release|x86
	EndGlobalSection
	GlobalSection(SolutionProperties) = preSolution
		HideSolutionNode = FALSE
	EndGlobalSection
EndGlobal
